// !$*UTF8*$!
{
	archiveVersion = 1;
	classes = {
	};
	objectVersion = 56;
	objects = {

/* Begin PBXBuildFile section */
		7263BFE32AE306EF00BD23BE /* AI_GodView.swift in Sources */ = {isa = PBXBuildFile; fileRef = 7263BFE22AE306EF00BD23BE /* AI_GodView.swift */; };
		7263BFE52AE3074000BD23BE /* ImageSearchView.swift in Sources */ = {isa = PBXBuildFile; fileRef = 7263BFE42AE3074000BD23BE /* ImageSearchView.swift */; };
		7263BFEB2AE3084A00BD23BE /* LoginView.swift in Sources */ = {isa = PBXBuildFile; fileRef = 7263BFEA2AE3084A00BD23BE /* LoginView.swift */; };
		7263BFED2AE3086000BD23BE /* CustomTextField.swift in Sources */ = {isa = PBXBuildFile; fileRef = 7263BFEC2AE3086000BD23BE /* CustomTextField.swift */; };
		7263BFF02AE3089000BD23BE /* LoginViewModel.swift in Sources */ = {isa = PBXBuildFile; fileRef = 7263BFEF2AE3089000BD23BE /* LoginViewModel.swift */; };
		7263BFF32AE309EF00BD23BE /* FirebaseAnalytics in Frameworks */ = {isa = PBXBuildFile; productRef = 7263BFF22AE309EF00BD23BE /* FirebaseAnalytics */; };
		7263BFF52AE309EF00BD23BE /* FirebaseAnalyticsSwift in Frameworks */ = {isa = PBXBuildFile; productRef = 7263BFF42AE309EF00BD23BE /* FirebaseAnalyticsSwift */; };
		7263BFF72AE309EF00BD23BE /* FirebaseAuth in Frameworks */ = {isa = PBXBuildFile; productRef = 7263BFF62AE309EF00BD23BE /* FirebaseAuth */; };
		7263BFFA2AE30AD800BD23BE /* AppAuth in Frameworks */ = {isa = PBXBuildFile; productRef = 7263BFF92AE30AD800BD23BE /* AppAuth */; };
		7263BFFD2AE30B1400BD23BE /* GoogleSignIn in Frameworks */ = {isa = PBXBuildFile; productRef = 7263BFFC2AE30B1400BD23BE /* GoogleSignIn */; };
		7263BFFF2AE30B1400BD23BE /* GoogleSignInSwift in Frameworks */ = {isa = PBXBuildFile; productRef = 7263BFFE2AE30B1400BD23BE /* GoogleSignInSwift */; };
		7263C0042AE30FD500BD23BE /* GoogleService-Info.plist in Resources */ = {isa = PBXBuildFile; fileRef = 7263C0032AE30FD500BD23BE /* GoogleService-Info.plist */; };
		95F089D22ADDCCF500E60104 /* Alamofire in Frameworks */ = {isa = PBXBuildFile; productRef = 95F089D12ADDCCF500E60104 /* Alamofire */; };
		95F089D52ADDCD0D00E60104 /* OpenAIKit in Frameworks */ = {isa = PBXBuildFile; productRef = 95F089D42ADDCD0D00E60104 /* OpenAIKit */; };
		95F089D82ADDCD3B00E60104 /* SDWebImageSwiftUI in Frameworks */ = {isa = PBXBuildFile; productRef = 95F089D72ADDCD3B00E60104 /* SDWebImageSwiftUI */; };
		97B171AF28F23B7700B97242 /* maple_diffusionApp.swift in Sources */ = {isa = PBXBuildFile; fileRef = 97B171AE28F23B7700B97242 /* maple_diffusionApp.swift */; };
		97B171B128F23B7700B97242 /* ContentView.swift in Sources */ = {isa = PBXBuildFile; fileRef = 97B171B028F23B7700B97242 /* ContentView.swift */; };
		97B171B328F23B7800B97242 /* Assets.xcassets in Resources */ = {isa = PBXBuildFile; fileRef = 97B171B228F23B7800B97242 /* Assets.xcassets */; };
		97B171B728F23B7800B97242 /* Preview Assets.xcassets in Resources */ = {isa = PBXBuildFile; fileRef = 97B171B628F23B7800B97242 /* Preview Assets.xcassets */; };
		97B171C028F23C7D00B97242 /* bins in Resources */ = {isa = PBXBuildFile; fileRef = 97B171BF28F23C7D00B97242 /* bins */; };
/* End PBXBuildFile section */

/* Begin PBXFileReference section */
		7263BFE22AE306EF00BD23BE /* AI_GodView.swift */ = {isa = PBXFileReference; lastKnownFileType = sourcecode.swift; path = AI_GodView.swift; sourceTree = "<group>"; };
		7263BFE42AE3074000BD23BE /* ImageSearchView.swift */ = {isa = PBXFileReference; lastKnownFileType = sourcecode.swift; path = ImageSearchView.swift; sourceTree = "<group>"; };
		7263BFEA2AE3084A00BD23BE /* LoginView.swift */ = {isa = PBXFileReference; lastKnownFileType = sourcecode.swift; path = LoginView.swift; sourceTree = "<group>"; };
		7263BFEC2AE3086000BD23BE /* CustomTextField.swift */ = {isa = PBXFileReference; lastKnownFileType = sourcecode.swift; path = CustomTextField.swift; sourceTree = "<group>"; };
		7263BFEF2AE3089000BD23BE /* LoginViewModel.swift */ = {isa = PBXFileReference; lastKnownFileType = sourcecode.swift; path = LoginViewModel.swift; sourceTree = "<group>"; };
		7263C0022AE30E4200BD23BE /* Info.plist */ = {isa = PBXFileReference; lastKnownFileType = text.plist; path = Info.plist; sourceTree = "<group>"; };
		7263C0032AE30FD500BD23BE /* GoogleService-Info.plist */ = {isa = PBXFileReference; fileEncoding = 4; lastKnownFileType = text.plist.xml; path = "GoogleService-Info.plist"; sourceTree = "<group>"; };
		97B171AB28F23B7700B97242 /* maple-diffusion.app */ = {isa = PBXFileReference; explicitFileType = wrapper.application; includeInIndex = 0; path = "maple-diffusion.app"; sourceTree = BUILT_PRODUCTS_DIR; };
		97B171AE28F23B7700B97242 /* maple_diffusionApp.swift */ = {isa = PBXFileReference; lastKnownFileType = sourcecode.swift; path = maple_diffusionApp.swift; sourceTree = "<group>"; };
		97B171B028F23B7700B97242 /* ContentView.swift */ = {isa = PBXFileReference; lastKnownFileType = sourcecode.swift; path = ContentView.swift; sourceTree = "<group>"; };
		97B171B228F23B7800B97242 /* Assets.xcassets */ = {isa = PBXFileReference; lastKnownFileType = folder.assetcatalog; path = Assets.xcassets; sourceTree = "<group>"; };
		97B171B428F23B7800B97242 /* maple_diffusion.entitlements */ = {isa = PBXFileReference; lastKnownFileType = text.plist.entitlements; path = maple_diffusion.entitlements; sourceTree = "<group>"; };
		97B171B628F23B7800B97242 /* Preview Assets.xcassets */ = {isa = PBXFileReference; lastKnownFileType = folder.assetcatalog; path = "Preview Assets.xcassets"; sourceTree = "<group>"; };
		97B171BF28F23C7D00B97242 /* bins */ = {isa = PBXFileReference; lastKnownFileType = folder; path = bins; sourceTree = "<group>"; };
/* End PBXFileReference section */

/* Begin PBXFrameworksBuildPhase section */
		97B171A828F23B7700B97242 /* Frameworks */ = {
			isa = PBXFrameworksBuildPhase;
			buildActionMask = 2147483647;
			files = (
				7263BFFF2AE30B1400BD23BE /* GoogleSignInSwift in Frameworks */,
				95F089D82ADDCD3B00E60104 /* SDWebImageSwiftUI in Frameworks */,
				7263BFFD2AE30B1400BD23BE /* GoogleSignIn in Frameworks */,
				7263BFF72AE309EF00BD23BE /* FirebaseAuth in Frameworks */,
				95F089D22ADDCCF500E60104 /* Alamofire in Frameworks */,
				7263BFF32AE309EF00BD23BE /* FirebaseAnalytics in Frameworks */,
				95F089D52ADDCD0D00E60104 /* OpenAIKit in Frameworks */,
				7263BFFA2AE30AD800BD23BE /* AppAuth in Frameworks */,
				7263BFF52AE309EF00BD23BE /* FirebaseAnalyticsSwift in Frameworks */,
			);
			runOnlyForDeploymentPostprocessing = 0;
		};
/* End PBXFrameworksBuildPhase section */

/* Begin PBXGroup section */
		7263BFEE2AE3088100BD23BE /* ViewModel */ = {
			isa = PBXGroup;
			children = (
				7263BFEF2AE3089000BD23BE /* LoginViewModel.swift */,
			);
			path = ViewModel;
			sourceTree = "<group>";
		};
		97B171A228F23B7700B97242 = {
			isa = PBXGroup;
			children = (
				97B171AD28F23B7700B97242 /* maple-diffusion */,
				97B171AC28F23B7700B97242 /* Products */,
			);
			sourceTree = "<group>";
		};
		97B171AC28F23B7700B97242 /* Products */ = {
			isa = PBXGroup;
			children = (
				97B171AB28F23B7700B97242 /* maple-diffusion.app */,
			);
			name = Products;
			sourceTree = "<group>";
		};
		97B171AD28F23B7700B97242 /* maple-diffusion */ = {
			isa = PBXGroup;
			children = (
				7263C0022AE30E4200BD23BE /* Info.plist */,
				97B171AE28F23B7700B97242 /* maple_diffusionApp.swift */,
				97B171B028F23B7700B97242 /* ContentView.swift */,
				7263BFEA2AE3084A00BD23BE /* LoginView.swift */,
				7263BFEC2AE3086000BD23BE /* CustomTextField.swift */,
				7263BFE22AE306EF00BD23BE /* AI_GodView.swift */,
				7263BFE42AE3074000BD23BE /* ImageSearchView.swift */,
				7263BFEE2AE3088100BD23BE /* ViewModel */,
				97B171BF28F23C7D00B97242 /* bins */,
				97B171B228F23B7800B97242 /* Assets.xcassets */,
				7263C0032AE30FD500BD23BE /* GoogleService-Info.plist */,
				97B171B428F23B7800B97242 /* maple_diffusion.entitlements */,
				97B171B528F23B7800B97242 /* Preview Content */,
			);
			path = "maple-diffusion";
			sourceTree = "<group>";
		};
		97B171B528F23B7800B97242 /* Preview Content */ = {
			isa = PBXGroup;
			children = (
				97B171B628F23B7800B97242 /* Preview Assets.xcassets */,
			);
			path = "Preview Content";
			sourceTree = "<group>";
		};
/* End PBXGroup section */

/* Begin PBXNativeTarget section */
		97B171AA28F23B7700B97242 /* maple-diffusion */ = {
			isa = PBXNativeTarget;
			buildConfigurationList = 97B171BA28F23B7800B97242 /* Build configuration list for PBXNativeTarget "maple-diffusion" */;
			buildPhases = (
				97B171A728F23B7700B97242 /* Sources */,
				97B171A828F23B7700B97242 /* Frameworks */,
				97B171A928F23B7700B97242 /* Resources */,
			);
			buildRules = (
			);
			dependencies = (
			);
			name = "maple-diffusion";
			packageProductDependencies = (
				95F089D12ADDCCF500E60104 /* Alamofire */,
				95F089D42ADDCD0D00E60104 /* OpenAIKit */,
				95F089D72ADDCD3B00E60104 /* SDWebImageSwiftUI */,
				7263BFF22AE309EF00BD23BE /* FirebaseAnalytics */,
				7263BFF42AE309EF00BD23BE /* FirebaseAnalyticsSwift */,
				7263BFF62AE309EF00BD23BE /* FirebaseAuth */,
				7263BFF92AE30AD800BD23BE /* AppAuth */,
				7263BFFC2AE30B1400BD23BE /* GoogleSignIn */,
				7263BFFE2AE30B1400BD23BE /* GoogleSignInSwift */,
			);
			productName = "maple-diffusion";
			productReference = 97B171AB28F23B7700B97242 /* maple-diffusion.app */;
			productType = "com.apple.product-type.application";
		};
/* End PBXNativeTarget section */

/* Begin PBXProject section */
		97B171A328F23B7700B97242 /* Project object */ = {
			isa = PBXProject;
			attributes = {
				BuildIndependentTargetsInParallel = 1;
				LastSwiftUpdateCheck = 1400;
				LastUpgradeCheck = 1430;
				TargetAttributes = {
					97B171AA28F23B7700B97242 = {
						CreatedOnToolsVersion = 14.0.1;
					};
				};
			};
			buildConfigurationList = 97B171A628F23B7700B97242 /* Build configuration list for PBXProject "maple-diffusion" */;
			compatibilityVersion = "Xcode 14.0";
			developmentRegion = en;
			hasScannedForEncodings = 0;
			knownRegions = (
				en,
				Base,
			);
			mainGroup = 97B171A228F23B7700B97242;
			packageReferences = (
				95F089D02ADDCCF500E60104 /* XCRemoteSwiftPackageReference "Alamofire" */,
				95F089D32ADDCD0D00E60104 /* XCRemoteSwiftPackageReference "OpenAIKit" */,
				95F089D62ADDCD3B00E60104 /* XCRemoteSwiftPackageReference "SDWebImageSwiftUI" */,
				7263BFF12AE309EF00BD23BE /* XCRemoteSwiftPackageReference "firebase-ios-sdk" */,
				7263BFF82AE30AD800BD23BE /* XCRemoteSwiftPackageReference "AppAuth-iOS" */,
				7263BFFB2AE30B1400BD23BE /* XCRemoteSwiftPackageReference "GoogleSignIn-iOS" */,
			);
			productRefGroup = 97B171AC28F23B7700B97242 /* Products */;
			projectDirPath = "";
			projectRoot = "";
			targets = (
				97B171AA28F23B7700B97242 /* maple-diffusion */,
			);
		};
/* End PBXProject section */

/* Begin PBXResourcesBuildPhase section */
		97B171A928F23B7700B97242 /* Resources */ = {
			isa = PBXResourcesBuildPhase;
			buildActionMask = 2147483647;
			files = (
				97B171C028F23C7D00B97242 /* bins in Resources */,
				7263C0042AE30FD500BD23BE /* GoogleService-Info.plist in Resources */,
				97B171B728F23B7800B97242 /* Preview Assets.xcassets in Resources */,
				97B171B328F23B7800B97242 /* Assets.xcassets in Resources */,
			);
			runOnlyForDeploymentPostprocessing = 0;
		};
/* End PBXResourcesBuildPhase section */

/* Begin PBXSourcesBuildPhase section */
		97B171A728F23B7700B97242 /* Sources */ = {
			isa = PBXSourcesBuildPhase;
			buildActionMask = 2147483647;
			files = (
				7263BFEB2AE3084A00BD23BE /* LoginView.swift in Sources */,
				97B171B128F23B7700B97242 /* ContentView.swift in Sources */,
				7263BFE32AE306EF00BD23BE /* AI_GodView.swift in Sources */,
				7263BFED2AE3086000BD23BE /* CustomTextField.swift in Sources */,
				97B171AF28F23B7700B97242 /* maple_diffusionApp.swift in Sources */,
				7263BFE52AE3074000BD23BE /* ImageSearchView.swift in Sources */,
				7263BFF02AE3089000BD23BE /* LoginViewModel.swift in Sources */,
			);
			runOnlyForDeploymentPostprocessing = 0;
		};
/* End PBXSourcesBuildPhase section */

/* Begin XCBuildConfiguration section */
		97B171B828F23B7800B97242 /* Debug */ = {
			isa = XCBuildConfiguration;
			buildSettings = {
				ALWAYS_SEARCH_USER_PATHS = NO;
				CLANG_ANALYZER_NONNULL = YES;
				CLANG_ANALYZER_NUMBER_OBJECT_CONVERSION = YES_AGGRESSIVE;
				CLANG_CXX_LANGUAGE_STANDARD = "gnu++20";
				CLANG_ENABLE_MODULES = YES;
				CLANG_ENABLE_OBJC_ARC = YES;
				CLANG_ENABLE_OBJC_WEAK = YES;
				CLANG_WARN_BLOCK_CAPTURE_AUTORELEASING = YES;
				CLANG_WARN_BOOL_CONVERSION = YES;
				CLANG_WARN_COMMA = YES;
				CLANG_WARN_CONSTANT_CONVERSION = YES;
				CLANG_WARN_DEPRECATED_OBJC_IMPLEMENTATIONS = YES;
				CLANG_WARN_DIRECT_OBJC_ISA_USAGE = YES_ERROR;
				CLANG_WARN_DOCUMENTATION_COMMENTS = YES;
				CLANG_WARN_EMPTY_BODY = YES;
				CLANG_WARN_ENUM_CONVERSION = YES;
				CLANG_WARN_INFINITE_RECURSION = YES;
				CLANG_WARN_INT_CONVERSION = YES;
				CLANG_WARN_NON_LITERAL_NULL_CONVERSION = YES;
				CLANG_WARN_OBJC_IMPLICIT_RETAIN_SELF = YES;
				CLANG_WARN_OBJC_LITERAL_CONVERSION = YES;
				CLANG_WARN_OBJC_ROOT_CLASS = YES_ERROR;
				CLANG_WARN_QUOTED_INCLUDE_IN_FRAMEWORK_HEADER = YES;
				CLANG_WARN_RANGE_LOOP_ANALYSIS = YES;
				CLANG_WARN_STRICT_PROTOTYPES = YES;
				CLANG_WARN_SUSPICIOUS_MOVE = YES;
				CLANG_WARN_UNGUARDED_AVAILABILITY = YES_AGGRESSIVE;
				CLANG_WARN_UNREACHABLE_CODE = YES;
				CLANG_WARN__DUPLICATE_METHOD_MATCH = YES;
				COPY_PHASE_STRIP = NO;
				DEAD_CODE_STRIPPING = YES;
				DEBUG_INFORMATION_FORMAT = dwarf;
				ENABLE_STRICT_OBJC_MSGSEND = YES;
				ENABLE_TESTABILITY = YES;
				GCC_C_LANGUAGE_STANDARD = gnu11;
				GCC_DYNAMIC_NO_PIC = NO;
				GCC_NO_COMMON_BLOCKS = YES;
				GCC_OPTIMIZATION_LEVEL = 0;
				GCC_PREPROCESSOR_DEFINITIONS = (
					"DEBUG=1",
					"$(inherited)",
				);
				GCC_WARN_64_TO_32_BIT_CONVERSION = YES;
				GCC_WARN_ABOUT_RETURN_TYPE = YES_ERROR;
				GCC_WARN_UNDECLARED_SELECTOR = YES;
				GCC_WARN_UNINITIALIZED_AUTOS = YES_AGGRESSIVE;
				GCC_WARN_UNUSED_FUNCTION = YES;
				GCC_WARN_UNUSED_VARIABLE = YES;
				MTL_ENABLE_DEBUG_INFO = INCLUDE_SOURCE;
				MTL_FAST_MATH = YES;
				ONLY_ACTIVE_ARCH = YES;
				SWIFT_ACTIVE_COMPILATION_CONDITIONS = DEBUG;
				SWIFT_OPTIMIZATION_LEVEL = "-Onone";
			};
			name = Debug;
		};
		97B171B928F23B7800B97242 /* Release */ = {
			isa = XCBuildConfiguration;
			buildSettings = {
				ALWAYS_SEARCH_USER_PATHS = NO;
				CLANG_ANALYZER_NONNULL = YES;
				CLANG_ANALYZER_NUMBER_OBJECT_CONVERSION = YES_AGGRESSIVE;
				CLANG_CXX_LANGUAGE_STANDARD = "gnu++20";
				CLANG_ENABLE_MODULES = YES;
				CLANG_ENABLE_OBJC_ARC = YES;
				CLANG_ENABLE_OBJC_WEAK = YES;
				CLANG_WARN_BLOCK_CAPTURE_AUTORELEASING = YES;
				CLANG_WARN_BOOL_CONVERSION = YES;
				CLANG_WARN_COMMA = YES;
				CLANG_WARN_CONSTANT_CONVERSION = YES;
				CLANG_WARN_DEPRECATED_OBJC_IMPLEMENTATIONS = YES;
				CLANG_WARN_DIRECT_OBJC_ISA_USAGE = YES_ERROR;
				CLANG_WARN_DOCUMENTATION_COMMENTS = YES;
				CLANG_WARN_EMPTY_BODY = YES;
				CLANG_WARN_ENUM_CONVERSION = YES;
				CLANG_WARN_INFINITE_RECURSION = YES;
				CLANG_WARN_INT_CONVERSION = YES;
				CLANG_WARN_NON_LITERAL_NULL_CONVERSION = YES;
				CLANG_WARN_OBJC_IMPLICIT_RETAIN_SELF = YES;
				CLANG_WARN_OBJC_LITERAL_CONVERSION = YES;
				CLANG_WARN_OBJC_ROOT_CLASS = YES_ERROR;
				CLANG_WARN_QUOTED_INCLUDE_IN_FRAMEWORK_HEADER = YES;
				CLANG_WARN_RANGE_LOOP_ANALYSIS = YES;
				CLANG_WARN_STRICT_PROTOTYPES = YES;
				CLANG_WARN_SUSPICIOUS_MOVE = YES;
				CLANG_WARN_UNGUARDED_AVAILABILITY = YES_AGGRESSIVE;
				CLANG_WARN_UNREACHABLE_CODE = YES;
				CLANG_WARN__DUPLICATE_METHOD_MATCH = YES;
				COPY_PHASE_STRIP = NO;
				DEAD_CODE_STRIPPING = YES;
				DEBUG_INFORMATION_FORMAT = "dwarf-with-dsym";
				ENABLE_NS_ASSERTIONS = NO;
				ENABLE_STRICT_OBJC_MSGSEND = YES;
				GCC_C_LANGUAGE_STANDARD = gnu11;
				GCC_NO_COMMON_BLOCKS = YES;
				GCC_WARN_64_TO_32_BIT_CONVERSION = YES;
				GCC_WARN_ABOUT_RETURN_TYPE = YES_ERROR;
				GCC_WARN_UNDECLARED_SELECTOR = YES;
				GCC_WARN_UNINITIALIZED_AUTOS = YES_AGGRESSIVE;
				GCC_WARN_UNUSED_FUNCTION = YES;
				GCC_WARN_UNUSED_VARIABLE = YES;
				MTL_ENABLE_DEBUG_INFO = NO;
				MTL_FAST_MATH = YES;
				SWIFT_COMPILATION_MODE = wholemodule;
				SWIFT_OPTIMIZATION_LEVEL = "-O";
			};
			name = Release;
		};
		97B171BB28F23B7800B97242 /* Debug */ = {
			isa = XCBuildConfiguration;
			buildSettings = {
				ASSETCATALOG_COMPILER_APPICON_NAME = AppIcon;
				ASSETCATALOG_COMPILER_GLOBAL_ACCENT_COLOR_NAME = AccentColor;
				CODE_SIGN_ENTITLEMENTS = "maple-diffusion/maple_diffusion.entitlements";
				CODE_SIGN_IDENTITY = "Apple Development";
				"CODE_SIGN_IDENTITY[sdk=iphoneos*]" = "iPhone Distribution";
				CODE_SIGN_STYLE = Manual;
				CURRENT_PROJECT_VERSION = 1;
				DEAD_CODE_STRIPPING = YES;
				DEVELOPMENT_ASSET_PATHS = "\"maple-diffusion/Preview Content\"";
				DEVELOPMENT_TEAM = "";
				"DEVELOPMENT_TEAM[sdk=iphoneos*]" = H62F46QL5V;
				ENABLE_PREVIEWS = YES;
				GENERATE_INFOPLIST_FILE = YES;
				INFOPLIST_FILE = "maple-diffusion/Info.plist";
				INFOPLIST_KEY_CFBundleDisplayName = "Maple Diffusion";
				"INFOPLIST_KEY_UIApplicationSceneManifest_Generation[sdk=iphoneos*]" = YES;
				"INFOPLIST_KEY_UIApplicationSceneManifest_Generation[sdk=iphonesimulator*]" = YES;
				"INFOPLIST_KEY_UIApplicationSupportsIndirectInputEvents[sdk=iphoneos*]" = YES;
				"INFOPLIST_KEY_UIApplicationSupportsIndirectInputEvents[sdk=iphonesimulator*]" = YES;
				"INFOPLIST_KEY_UILaunchScreen_Generation[sdk=iphoneos*]" = YES;
				"INFOPLIST_KEY_UILaunchScreen_Generation[sdk=iphonesimulator*]" = YES;
				"INFOPLIST_KEY_UIStatusBarStyle[sdk=iphoneos*]" = UIStatusBarStyleDefault;
				"INFOPLIST_KEY_UIStatusBarStyle[sdk=iphonesimulator*]" = UIStatusBarStyleDefault;
				INFOPLIST_KEY_UISupportedInterfaceOrientations_iPad = "UIInterfaceOrientationPortrait UIInterfaceOrientationPortraitUpsideDown UIInterfaceOrientationLandscapeLeft UIInterfaceOrientationLandscapeRight";
				INFOPLIST_KEY_UISupportedInterfaceOrientations_iPhone = "UIInterfaceOrientationPortrait UIInterfaceOrientationLandscapeLeft UIInterfaceOrientationLandscapeRight";
				IPHONEOS_DEPLOYMENT_TARGET = 16.0;
				LD_RUNPATH_SEARCH_PATHS = "@executable_path/Frameworks";
				"LD_RUNPATH_SEARCH_PATHS[sdk=macosx*]" = "@executable_path/../Frameworks";
				MACOSX_DEPLOYMENT_TARGET = 12.3;
				MARKETING_VERSION = 1.0;
				PRODUCT_BUNDLE_IDENTIFIER = "com.madebyollin.maple-diffusionLOVE";
				PRODUCT_NAME = "$(TARGET_NAME)";
				PROVISIONING_PROFILE_SPECIFIER = "";
				"PROVISIONING_PROFILE_SPECIFIER[sdk=iphoneos*]" = CR7;
				SDKROOT = auto;
				SUPPORTED_PLATFORMS = "iphoneos iphonesimulator macosx";
				SWIFT_EMIT_LOC_STRINGS = YES;
				SWIFT_VERSION = 5.0;
				TARGETED_DEVICE_FAMILY = "1,2";
			};
			name = Debug;
		};
		97B171BC28F23B7800B97242 /* Release */ = {
			isa = XCBuildConfiguration;
			buildSettings = {
				ASSETCATALOG_COMPILER_APPICON_NAME = AppIcon;
				ASSETCATALOG_COMPILER_GLOBAL_ACCENT_COLOR_NAME = AccentColor;
				CODE_SIGN_ENTITLEMENTS = "maple-diffusion/maple_diffusion.entitlements";
				CODE_SIGN_IDENTITY = "Apple Development";
				CODE_SIGN_STYLE = Manual;
				CURRENT_PROJECT_VERSION = 1;
				DEAD_CODE_STRIPPING = YES;
				DEVELOPMENT_ASSET_PATHS = "\"maple-diffusion/Preview Content\"";
				DEVELOPMENT_TEAM = "";
				ENABLE_PREVIEWS = YES;
				GENERATE_INFOPLIST_FILE = YES;
				INFOPLIST_FILE = "maple-diffusion/Info.plist";
				INFOPLIST_KEY_CFBundleDisplayName = "Maple Diffusion";
				"INFOPLIST_KEY_UIApplicationSceneManifest_Generation[sdk=iphoneos*]" = YES;
				"INFOPLIST_KEY_UIApplicationSceneManifest_Generation[sdk=iphonesimulator*]" = YES;
				"INFOPLIST_KEY_UIApplicationSupportsIndirectInputEvents[sdk=iphoneos*]" = YES;
				"INFOPLIST_KEY_UIApplicationSupportsIndirectInputEvents[sdk=iphonesimulator*]" = YES;
				"INFOPLIST_KEY_UILaunchScreen_Generation[sdk=iphoneos*]" = YES;
				"INFOPLIST_KEY_UILaunchScreen_Generation[sdk=iphonesimulator*]" = YES;
				"INFOPLIST_KEY_UIStatusBarStyle[sdk=iphoneos*]" = UIStatusBarStyleDefault;
				"INFOPLIST_KEY_UIStatusBarStyle[sdk=iphonesimulator*]" = UIStatusBarStyleDefault;
				INFOPLIST_KEY_UISupportedInterfaceOrientations_iPad = "UIInterfaceOrientationPortrait UIInterfaceOrientationPortraitUpsideDown UIInterfaceOrientationLandscapeLeft UIInterfaceOrientationLandscapeRight";
				INFOPLIST_KEY_UISupportedInterfaceOrientations_iPhone = "UIInterfaceOrientationPortrait UIInterfaceOrientationLandscapeLeft UIInterfaceOrientationLandscapeRight";
				IPHONEOS_DEPLOYMENT_TARGET = 16.0;
				LD_RUNPATH_SEARCH_PATHS = "@executable_path/Frameworks";
				"LD_RUNPATH_SEARCH_PATHS[sdk=macosx*]" = "@executable_path/../Frameworks";
				MACOSX_DEPLOYMENT_TARGET = 12.3;
				MARKETING_VERSION = 1.0;
				PRODUCT_BUNDLE_IDENTIFIER = "com.madebyollin.maple-diffusionLOVE";
				PRODUCT_NAME = "$(TARGET_NAME)";
				PROVISIONING_PROFILE_SPECIFIER = "";
				SDKROOT = auto;
				SUPPORTED_PLATFORMS = "iphoneos iphonesimulator macosx";
				SWIFT_EMIT_LOC_STRINGS = YES;
				SWIFT_VERSION = 5.0;
				TARGETED_DEVICE_FAMILY = "1,2";
			};
			name = Release;
		};
/* End XCBuildConfiguration section */

/* Begin XCConfigurationList section */
		97B171A628F23B7700B97242 /* Build configuration list for PBXProject "maple-diffusion" */ = {
			isa = XCConfigurationList;
			buildConfigurations = (
				97B171B828F23B7800B97242 /* Debug */,
				97B171B928F23B7800B97242 /* Release */,
			);
			defaultConfigurationIsVisible = 0;
			defaultConfigurationName = Release;
		};
		97B171BA28F23B7800B97242 /* Build configuration list for PBXNativeTarget "maple-diffusion" */ = {
			isa = XCConfigurationList;
			buildConfigurations = (
				97B171BB28F23B7800B97242 /* Debug */,
				97B171BC28F23B7800B97242 /* Release */,
			);
			defaultConfigurationIsVisible = 0;
			defaultConfigurationName = Release;
		};
/* End XCConfigurationList section */

/* Begin XCRemoteSwiftPackageReference section */
		7263BFF12AE309EF00BD23BE /* XCRemoteSwiftPackageReference "firebase-ios-sdk" */ = {
			isa = XCRemoteSwiftPackageReference;
			repositoryURL = "https://github.com/firebase/firebase-ios-sdk.git";
			requirement = {
				kind = upToNextMajorVersion;
				minimumVersion = 10.0.0;
			};
		};
		7263BFF82AE30AD800BD23BE /* XCRemoteSwiftPackageReference "AppAuth-iOS" */ = {
			isa = XCRemoteSwiftPackageReference;
			repositoryURL = "https://github.com/openid/AppAuth-iOS";
			requirement = {
				kind = upToNextMajorVersion;
				minimumVersion = 1.0.0;
			};
		};
		7263BFFB2AE30B1400BD23BE /* XCRemoteSwiftPackageReference "GoogleSignIn-iOS" */ = {
			isa = XCRemoteSwiftPackageReference;
			repositoryURL = "https://github.com/google/GoogleSignIn-iOS";
			requirement = {
				kind = upToNextMajorVersion;
				minimumVersion = 7.0.0;
			};
		};
		95F089D02ADDCCF500E60104 /* XCRemoteSwiftPackageReference "Alamofire" */ = {
			isa = XCRemoteSwiftPackageReference;
			repositoryURL = "https://github.com/Alamofire/Alamofire.git";
			requirement = {
				kind = upToNextMajorVersion;
				minimumVersion = 5.0.0;
			};
		};
		95F089D32ADDCD0D00E60104 /* XCRemoteSwiftPackageReference "OpenAIKit" */ = {
			isa = XCRemoteSwiftPackageReference;
			repositoryURL = "https://github.com/MarcoDotIO/OpenAIKit.git";
			requirement = {
				kind = upToNextMajorVersion;
				minimumVersion = 1.0.0;
			};
		};
		95F089D62ADDCD3B00E60104 /* XCRemoteSwiftPackageReference "SDWebImageSwiftUI" */ = {
			isa = XCRemoteSwiftPackageReference;
			repositoryURL = "https://github.com/SDWebImage/SDWebImageSwiftUI.git";
			requirement = {
				kind = upToNextMajorVersion;
				minimumVersion = 2.0.0;
			};
		};
/* End XCRemoteSwiftPackageReference section */

/* Begin XCSwiftPackageProductDependency section */
		7263BFF22AE309EF00BD23BE /* FirebaseAnalytics */ = {
			isa = XCSwiftPackageProductDependency;
			package = 7263BFF12AE309EF00BD23BE /* XCRemoteSwiftPackageReference "firebase-ios-sdk" */;
			productName = FirebaseAnalytics;
		};
		7263BFF42AE309EF00BD23BE /* FirebaseAnalyticsSwift */ = {
			isa = XCSwiftPackageProductDependency;
			package = 7263BFF12AE309EF00BD23BE /* XCRemoteSwiftPackageReference "firebase-ios-sdk" */;
			productName = FirebaseAnalyticsSwift;
		};
		7263BFF62AE309EF00BD23BE /* FirebaseAuth */ = {
			isa = XCSwiftPackageProductDependency;
			package = 7263BFF12AE309EF00BD23BE /* XCRemoteSwiftPackageReference "firebase-ios-sdk" */;
			productName = FirebaseAuth;
		};
		7263BFF92AE30AD800BD23BE /* AppAuth */ = {
			isa = XCSwiftPackageProductDependency;
			package = 7263BFF82AE30AD800BD23BE /* XCRemoteSwiftPackageReference "AppAuth-iOS" */;
			productName = AppAuth;
		};
		7263BFFC2AE30B1400BD23BE /* GoogleSignIn */ = {
			isa = XCSwiftPackageProductDependency;
			package = 7263BFFB2AE30B1400BD23BE /* XCRemoteSwiftPackageReference "GoogleSignIn-iOS" */;
			productName = GoogleSignIn;
		};
		7263BFFE2AE30B1400BD23BE /* GoogleSignInSwift */ = {
			isa = XCSwiftPackageProductDependency;
			package = 7263BFFB2AE30B1400BD23BE /* XCRemoteSwiftPackageReference "GoogleSignIn-iOS" */;
			productName = GoogleSignInSwift;
		};
		95F089D12ADDCCF500E60104 /* Alamofire */ = {
			isa = XCSwiftPackageProductDependency;
			package = 95F089D02ADDCCF500E60104 /* XCRemoteSwiftPackageReference "Alamofire" */;
			productName = Alamofire;
		};
		95F089D42ADDCD0D00E60104 /* OpenAIKit */ = {
			isa = XCSwiftPackageProductDependency;
			package = 95F089D32ADDCD0D00E60104 /* XCRemoteSwiftPackageReference "OpenAIKit" */;
			productName = OpenAIKit;
		};
		95F089D72ADDCD3B00E60104 /* SDWebImageSwiftUI */ = {
			isa = XCSwiftPackageProductDependency;
			package = 95F089D62ADDCD3B00E60104 /* XCRemoteSwiftPackageReference "SDWebImageSwiftUI" */;
			productName = SDWebImageSwiftUI;
		};
/* End XCSwiftPackageProductDependency section */
	};
	rootObject = 97B171A328F23B7700B97242 /* Project object */;
}
